
Microsoft Visual Studio Solution File, Format Version 11.00
# Visual C++ Express 2010
Project("{8BC9CEB8-8B4A-11D0-8D11-00A0C91BC942}") = "mCtrl", "mCtrl.vcxproj", "{54608990-7E98-4EBC-8E31-909BD095C16F}"
EndProject
Project("{8BC9CEB8-8B4A-11D0-8D11-00A0C91BC942}") = "ex_button", "ex_button.vcxproj", "{315C29B3-D246-46CD-AE31-F17F9B3B4D47}"
	ProjectSection(ProjectDependencies) = postProject
		{54608990-7E98-4EBC-8E31-909BD095C16F} = {54608990-7E98-4EBC-8E31-909BD095C16F}
	EndProjectSection
EndProject
Project("{8BC9CEB8-8B4A-11D0-8D11-00A0C91BC942}") = "ex_grid", "ex_grid.vcxproj", "{2ABAFB12-12C7-4805-A589-7CFEB1BEABAA}"
	ProjectSection(ProjectDependencies) = postProject
		{54608990-7E98-4EBC-8E31-909BD095C16F} = {54608990-7E98-4EBC-8E31-909BD095C16F}
	EndProjectSection
EndProject
Project("{8BC9CEB8-8B4A-11D0-8D11-00A0C91BC942}") = "ex_dllgetversion", "ex_dllgetversion.vcxproj", "{C5CCF159-2509-4CBF-98A3-1EFF095303C4}"
	ProjectSection(ProjectDependencies) = postProject
		{54608990-7E98-4EBC-8E31-909BD095C16F} = {54608990-7E98-4EBC-8E31-909BD095C16F}
	EndProjectSection
EndProject
Project("{8BC9CEB8-8B4A-11D0-8D11-00A0C91BC942}") = "ex_html", "ex_html.vcxproj", "{E1F631E0-C2E7-4247-90DC-EB0DA2D1935A}"
	ProjectSection(ProjectDependencies) = postProject
		{54608990-7E98-4EBC-8E31-909BD095C16F} = {54608990-7E98-4EBC-8E31-909BD095C16F}
	EndProjectSection
EndProject
Project("{8BC9CEB8-8B4A-11D0-8D11-00A0C91BC942}") = "ex_mditab", "ex_mditab.vcxproj", "{A387985B-8EF7-4105-B30B-0A5D8D0A69BC}"
	ProjectSection(ProjectDependencies) = postProject
		{54608990-7E98-4EBC-8E31-909BD095C16F} = {54608990-7E98-4EBC-8E31-909BD095C16F}
	EndProjectSection
EndProject
Project("{8BC9CEB8-8B4A-11D0-8D11-00A0C91BC942}") = "ex_menubar", "ex_menubar.vcxproj", "{66EAC46B-5AB1-4EB4-A5B4-CC5FEE9721E9}"
	ProjectSection(ProjectDependencies) = postProject
		{54608990-7E98-4EBC-8E31-909BD095C16F} = {54608990-7E98-4EBC-8E31-909BD095C16F}
	EndProjectSection
EndProject
Project("{8BC9CEB8-8B4A-11D0-8D11-00A0C91BC942}") = "ex_propview", "ex_propview.vcxproj", "{F0E665D0-E321-4C80-978C-6568E3633835}"
	ProjectSection(ProjectDependencies) = postProject
		{54608990-7E98-4EBC-8E31-909BD095C16F} = {54608990-7E98-4EBC-8E31-909BD095C16F}
	EndProjectSection
EndProject
Project("{8BC9CEB8-8B4A-11D0-8D11-00A0C91BC942}") = "ex_chart", "ex_chart.vcxproj", "{A1AFC318-6848-43D7-AEDB-7868087780AE}"
EndProject
Project("{8BC9CEB8-8B4A-11D0-8D11-00A0C91BC942}") = "ex_treelist", "ex_treelist.vcxproj", "{F374AE02-6ADE-450F-800C-AED21999C6B0}"
EndProject
Project("{8BC9CEB8-8B4A-11D0-8D11-00A0C91BC942}") = "ex_expand", "ex_expand.vcxproj", "{6FFD7104-6803-48C6-8101-53C379FED22D}"
EndProject
Global
	GlobalSection(SolutionConfigurationPlatforms) = preSolution
		Debug|Win32 = Debug|Win32
		Release|Win32 = Release|Win32
	EndGlobalSection
	GlobalSection(ProjectConfigurationPlatforms) = postSolution
		{54608990-7E98-4EBC-8E31-909BD095C16F}.Debug|Win32.ActiveCfg = Debug|Win32
		{54608990-7E98-4EBC-8E31-909BD095C16F}.Debug|Win32.Build.0 = Debug|Win32
		{54608990-7E98-4EBC-8E31-909BD095C16F}.Release|Win32.ActiveCfg = Release|Win32
		{54608990-7E98-4EBC-8E31-909BD095C16F}.Release|Win32.Build.0 = Release|Win32
		{315C29B3-D246-46CD-AE31-F17F9B3B4D47}.Debug|Win32.ActiveCfg = Debug|Win32
		{315C29B3-D246-46CD-AE31-F17F9B3B4D47}.Debug|Win32.Build.0 = Debug|Win32
		{315C29B3-D246-46CD-AE31-F17F9B3B4D47}.Release|Win32.ActiveCfg = Release|Win32
		{315C29B3-D246-46CD-AE31-F17F9B3B4D47}.Release|Win32.Build.0 = Release|Win32
		{2ABAFB12-12C7-4805-A589-7CFEB1BEABAA}.Debug|Win32.ActiveCfg = Debug|Win32
		{2ABAFB12-12C7-4805-A589-7CFEB1BEABAA}.Debug|Win32.Build.0 = Debug|Win32
		{2ABAFB12-12C7-4805-A589-7CFEB1BEABAA}.Release|Win32.ActiveCfg = Release|Win32
		{2ABAFB12-12C7-4805-A589-7CFEB1BEABAA}.Release|Win32.Build.0 = Release|Win32
		{C5CCF159-2509-4CBF-98A3-1EFF095303C4}.Debug|Win32.ActiveCfg = Debug|Win32
		{C5CCF159-2509-4CBF-98A3-1EFF095303C4}.Debug|Win32.Build.0 = Debug|Win32
		{C5CCF159-2509-4CBF-98A3-1EFF095303C4}.Release|Win32.ActiveCfg = Release|Win32
		{C5CCF159-2509-4CBF-98A3-1EFF095303C4}.Release|Win32.Build.0 = Release|Win32
		{E1F631E0-C2E7-4247-90DC-EB0DA2D1935A}.Debug|Win32.ActiveCfg = Debug|Win32
		{E1F631E0-C2E7-4247-90DC-EB0DA2D1935A}.Debug|Win32.Build.0 = Debug|Win32
		{E1F631E0-C2E7-4247-90DC-EB0DA2D1935A}.Release|Win32.ActiveCfg = Release|Win32
		{E1F631E0-C2E7-4247-90DC-EB0DA2D1935A}.Release|Win32.Build.0 = Release|Win32
		{A387985B-8EF7-4105-B30B-0A5D8D0A69BC}.Debug|Win32.ActiveCfg = Debug|Win32
		{A387985B-8EF7-4105-B30B-0A5D8D0A69BC}.Debug|Win32.Build.0 = Debug|Win32
		{A387985B-8EF7-4105-B30B-0A5D8D0A69BC}.Release|Win32.ActiveCfg = Release|Win32
		{A387985B-8EF7-4105-B30B-0A5D8D0A69BC}.Release|Win32.Build.0 = Release|Win32
		{66EAC46B-5AB1-4EB4-A5B4-CC5FEE9721E9}.Debug|Win32.ActiveCfg = Debug|Win32
		{66EAC46B-5AB1-4EB4-A5B4-CC5FEE9721E9}.Debug|Win32.Build.0 = Debug|Win32
		{66EAC46B-5AB1-4EB4-A5B4-CC5FEE9721E9}.Release|Win32.ActiveCfg = Release|Win32
		{66EAC46B-5AB1-4EB4-A5B4-CC5FEE9721E9}.Release|Win32.Build.0 = Release|Win32
		{F0E665D0-E321-4C80-978C-6568E3633835}.Debug|Win32.ActiveCfg = Debug|Win32
		{F0E665D0-E321-4C80-978C-6568E3633835}.Debug|Win32.Build.0 = Debug|Win32
		{F0E665D0-E321-4C80-978C-6568E3633835}.Release|Win32.ActiveCfg = Release|Win32
		{F0E665D0-E321-4C80-978C-6568E3633835}.Release|Win32.Build.0 = Release|Win32
		{A1AFC318-6848-43D7-AEDB-7868087780AE}.Debug|Win32.ActiveCfg = Debug|Win32
		{A1AFC318-6848-43D7-AEDB-7868087780AE}.Debug|Win32.Build.0 = Debug|Win32
		{A1AFC318-6848-43D7-AEDB-7868087780AE}.Release|Win32.ActiveCfg = Release|Win32
		{A1AFC318-6848-43D7-AEDB-7868087780AE}.Release|Win32.Build.0 = Release|Win32
		{F374AE02-6ADE-450F-800C-AED21999C6B0}.Debug|Win32.ActiveCfg = Debug|Win32
		{F374AE02-6ADE-450F-800C-AED21999C6B0}.Debug|Win32.Build.0 = Debug|Win32
		{F374AE02-6ADE-450F-800C-AED21999C6B0}.Release|Win32.ActiveCfg = Release|Win32
		{F374AE02-6ADE-450F-800C-AED21999C6B0}.Release|Win32.Build.0 = Release|Win32
		{6FFD7104-6803-48C6-8101-53C379FED22D}.Debug|Win32.ActiveCfg = Debug|Win32
		{6FFD7104-6803-48C6-8101-53C379FED22D}.Debug|Win32.Build.0 = Debug|Win32
		{6FFD7104-6803-48C6-8101-53C379FED22D}.Release|Win32.ActiveCfg = Release|Win32
		{6FFD7104-6803-48C6-8101-53C379FED22D}.Release|Win32.Build.0 = Release|Win32
	EndGlobalSection
	GlobalSection(SolutionProperties) = preSolution
		HideSolutionNode = FALSE
	EndGlobalSection
EndGlobal
